# This file is automatically @generated by Cargo.
# It is not intended for manual editing.
version = 3

[[package]]
name = "ahash"
version = "0.8.11"
source = "registry+https://github.com/rust-lang/crates.io-index"
checksum = "e89da841a80418a9b391ebaea17f5c112ffaaa96f621d2c285b5174da76b9011"
dependencies = [
 "cfg-if",
 "once_cell",
 "version_check",
 "zerocopy",
]

[[package]]
name = "anyhow"
version = "1.0.82"
source = "registry+https://github.com/rust-lang/crates.io-index"
checksum = "f538837af36e6f6a9be0faa67f9a314f8119e4e4b5867c6ab40ed60360142519"

[[package]]
name = "autocfg"
version = "1.2.0"
source = "registry+https://github.com/rust-lang/crates.io-index"
checksum = "f1fdabc7756949593fe60f30ec81974b613357de856987752631dea1e3394c80"

[[package]]
name = "bincode"
version = "1.3.3"
source = "registry+https://github.com/rust-lang/crates.io-index"
checksum = "b1f45e9417d87227c7a56d22e471c6206462cba514c7590c09aff4cf6d1ddcad"
dependencies = [
 "serde",
]

[[package]]
name = "bitflags"
version = "2.5.0"
source = "registry+https://github.com/rust-lang/crates.io-index"
checksum = "cf4b9d6a944f767f8e5e0db018570623c85f3d925ac718db4e06d0187adb21c1"

[[package]]
name = "bytemuck"
version = "1.15.0"
source = "registry+https://github.com/rust-lang/crates.io-index"
checksum = "5d6d68c57235a3a081186990eca2867354726650f42f7516ca50c28d6281fd15"

[[package]]
name = "byteorder"
version = "1.5.0"
source = "registry+https://github.com/rust-lang/crates.io-index"
checksum = "1fd0f2584146f6f2ef48085050886acf353beff7305ebd1ae69500e27c67f64b"

[[package]]
name = "cfg-if"
version = "1.0.0"
source = "registry+https://github.com/rust-lang/crates.io-index"
checksum = "baf1de4339761588bc0619e3cbc0120ee582ebb74b53b4efbf79117bd2da40fd"

[[package]]
name = "cranelift-entity"
version = "0.106.2"
source = "registry+https://github.com/rust-lang/crates.io-index"
checksum = "f1930946836da6f514da87625cd1a0331f3908e0de454628c24a0b97b130c4d4"
dependencies = [
 "serde",
 "serde_derive",
]

[[package]]
name = "crc32fast"
version = "1.4.0"
source = "registry+https://github.com/rust-lang/crates.io-index"
checksum = "b3855a8a784b474f333699ef2bbca9db2c4a1f6d9088a90a2d25b1eb53111eaa"
dependencies = [
 "cfg-if",
]

[[package]]
name = "downcast-rs"
version = "1.2.1"
source = "registry+https://github.com/rust-lang/crates.io-index"
checksum = "75b325c5dbd37f80359721ad39aca5a29fb04c89279657cffdda8736d0c0b9d2"

[[package]]
name = "equivalent"
version = "1.0.1"
source = "registry+https://github.com/rust-lang/crates.io-index"
checksum = "5443807d6dff69373d433ab9ef5378ad8df50ca6298caf15de6e52e24aaf54d5"

[[package]]
name = "fallible-iterator"
version = "0.3.0"
source = "registry+https://github.com/rust-lang/crates.io-index"
checksum = "2acce4a10f12dc2fb14a218589d4f1f62ef011b2d0cc4b3cb1bba8e94da14649"

[[package]]
name = "fxhash"
version = "0.2.1"
source = "registry+https://github.com/rust-lang/crates.io-index"
checksum = "c31b6d751ae2c7f11320402d34e41349dd1016f8d5d45e48c4312bc8625af50c"
dependencies = [
 "byteorder",
]

[[package]]
name = "gimli"
version = "0.28.1"
source = "registry+https://github.com/rust-lang/crates.io-index"
checksum = "4271d37baee1b8c7e4b708028c57d816cf9d2434acb33a549475f78c181f6253"
dependencies = [
 "fallible-iterator",
 "indexmap",
 "stable_deref_trait",
]

[[package]]
name = "hashbrown"
version = "0.14.3"
source = "registry+https://github.com/rust-lang/crates.io-index"
checksum = "290f1a1d9242c78d09ce40a5e87e7554ee637af1351968159f4952f028f75604"
dependencies = [
 "ahash",
]

[[package]]
name = "id-arena"
version = "2.2.1"
source = "registry+https://github.com/rust-lang/crates.io-index"
checksum = "25a2bc672d1148e28034f176e01fffebb08b35768468cc954630da77a1449005"

[[package]]
name = "indexmap"
version = "2.2.6"
source = "registry+https://github.com/rust-lang/crates.io-index"
checksum = "168fb715dda47215e360912c096649d23d58bf392ac62f73919e831745e40f26"
dependencies = [
 "equivalent",
 "hashbrown",
 "serde",
]

[[package]]
name = "indexmap-nostd"
version = "0.4.0"
source = "registry+https://github.com/rust-lang/crates.io-index"
checksum = "8e04e2fd2b8188ea827b32ef11de88377086d690286ab35747ef7f9bf3ccb590"

[[package]]
name = "itoa"
version = "1.0.11"
source = "registry+https://github.com/rust-lang/crates.io-index"
checksum = "49f1f14873335454500d59611f1cf4a4b0f786f9ac11f4312a78e4cf2566695b"

[[package]]
name = "leb128"
version = "0.2.5"
source = "registry+https://github.com/rust-lang/crates.io-index"
checksum = "884e2677b40cc8c339eaefcb701c32ef1fd2493d71118dc0ca4b6a736c93bd67"

[[package]]
name = "libm"
version = "0.2.8"
source = "registry+https://github.com/rust-lang/crates.io-index"
checksum = "4ec2a862134d2a7d32d7983ddcdd1c4923530833c9f2ea1a44fc5fa473989058"

[[package]]
name = "log"
version = "0.4.21"
source = "registry+https://github.com/rust-lang/crates.io-index"
checksum = "90ed8c1e510134f979dbc4f070f87d4313098b704861a105fe34231c70a3901c"

[[package]]
name = "memchr"
version = "2.7.2"
source = "registry+https://github.com/rust-lang/crates.io-index"
checksum = "6c8640c5d730cb13ebd907d8d04b52f55ac9a2eec55b440c8892f40d56c76c1d"

[[package]]
name = "num-traits"
version = "0.2.18"
source = "registry+https://github.com/rust-lang/crates.io-index"
checksum = "da0df0e5185db44f69b44f26786fe401b6c293d1907744beaa7fa62b2e5a517a"
dependencies = [
 "autocfg",
]

[[package]]
name = "object"
version = "0.32.2"
source = "registry+https://github.com/rust-lang/crates.io-index"
checksum = "a6a622008b6e321afc04970976f62ee297fdbaa6f95318ca343e3eebb9648441"
dependencies = [
 "crc32fast",
 "hashbrown",
 "indexmap",
 "memchr",
]

[[package]]
name = "once_cell"
version = "1.19.0"
source = "registry+https://github.com/rust-lang/crates.io-index"
checksum = "3fdb12b2476b595f9358c5161aa467c2438859caa136dec86c26fdd2efe17b92"

[[package]]
name = "paste"
version = "1.0.14"
source = "registry+https://github.com/rust-lang/crates.io-index"
checksum = "de3145af08024dea9fa9914f381a17b8fc6034dfb00f3a84013f7ff43f29ed4c"

[[package]]
name = "proc-macro2"
version = "1.0.81"
source = "registry+https://github.com/rust-lang/crates.io-index"
checksum = "3d1597b0c024618f09a9c3b8655b7e430397a36d23fdafec26d6965e9eec3eba"
dependencies = [
 "unicode-ident",
]

[[package]]
name = "quote"
version = "1.0.36"
source = "registry+https://github.com/rust-lang/crates.io-index"
checksum = "0fa76aaf39101c457836aec0ce2316dbdc3ab723cdda1c6bd4e6ad4208acaca7"
dependencies = [
 "proc-macro2",
]

[[package]]
name = "ref-cast"
version = "1.0.22"
source = "registry+https://github.com/rust-lang/crates.io-index"
checksum = "c4846d4c50d1721b1a3bef8af76924eef20d5e723647333798c1b519b3a9473f"
dependencies = [
 "ref-cast-impl",
]

[[package]]
name = "ref-cast-impl"
version = "1.0.22"
source = "registry+https://github.com/rust-lang/crates.io-index"
checksum = "5fddb4f8d99b0a2ebafc65a87a69a7b9875e4b1ae1f00db265d300ef7f28bccc"
dependencies = [
 "proc-macro2",
 "quote",
 "syn",
]

[[package]]
name = "ryu"
version = "1.0.17"
source = "registry+https://github.com/rust-lang/crates.io-index"
checksum = "e86697c916019a8588c99b5fac3cead74ec0b4b819707a682fd4d23fa0ce1ba1"

[[package]]
name = "semver"
version = "1.0.22"
source = "registry+https://github.com/rust-lang/crates.io-index"
checksum = "92d43fe69e652f3df9bdc2b85b2854a0825b86e4fb76bc44d945137d053639ca"
dependencies = [
 "serde",
]

[[package]]
name = "serde"
version = "1.0.198"
source = "registry+https://github.com/rust-lang/crates.io-index"
checksum = "9846a40c979031340571da2545a4e5b7c4163bdae79b301d5f86d03979451fcc"
dependencies = [
 "serde_derive",
]

[[package]]
name = "serde_derive"
version = "1.0.198"
source = "registry+https://github.com/rust-lang/crates.io-index"
checksum = "e88edab869b01783ba905e7d0153f9fc1a6505a96e4ad3018011eedb838566d9"
dependencies = [
 "proc-macro2",
 "quote",
 "syn",
]

[[package]]
name = "serde_json"
version = "1.0.116"
source = "registry+https://github.com/rust-lang/crates.io-index"
checksum = "3e17db7126d17feb94eb3fad46bf1a96b034e8aacbc2e775fe81505f8b0b2813"
dependencies = [
 "itoa",
 "ryu",
 "serde",
]

[[package]]
name = "slab"
version = "0.4.9"
source = "registry+https://github.com/rust-lang/crates.io-index"
checksum = "8f92a496fb766b417c996b9c5e57daf2f7ad3b0bebe1ccfca4856390e3d3bb67"
dependencies = [
 "autocfg",
]

[[package]]
name = "smallvec"
version = "1.13.2"
source = "registry+https://github.com/rust-lang/crates.io-index"
checksum = "3c5e1a9a646d36c3599cd173a41282daf47c44583ad367b8e6837255952e5c67"

[[package]]
name = "spdx"
version = "0.10.4"
source = "registry+https://github.com/rust-lang/crates.io-index"
checksum = "29ef1a0fa1e39ac22972c8db23ff89aea700ab96aa87114e1fb55937a631a0c9"
dependencies = [
 "smallvec",
]

[[package]]
name = "spin"
version = "0.9.8"
source = "registry+https://github.com/rust-lang/crates.io-index"
checksum = "6980e8d7511241f8acf4aebddbb1ff938df5eebe98691418c4468d0b72a96a67"

[[package]]
name = "stable_deref_trait"
version = "1.2.0"
source = "registry+https://github.com/rust-lang/crates.io-index"
checksum = "a8f112729512f8e442d81f95a8a7ddf2b7c6b8a1a6f509a95864142b30cab2d3"

[[package]]
name = "syn"
version = "2.0.60"
source = "registry+https://github.com/rust-lang/crates.io-index"
checksum = "909518bc7b1c9b779f1bbf07f2929d35af9f0f37e47c6e9ef7f9dddc1e1821f3"
dependencies = [
 "proc-macro2",
 "quote",
 "unicode-ident",
]

[[package]]
name = "target-lexicon"
version = "0.12.14"
source = "registry+https://github.com/rust-lang/crates.io-index"
checksum = "e1fc403891a21bcfb7c37834ba66a547a8f402146eba7265b5a6d88059c9ff2f"

[[package]]
name = "thiserror"
version = "1.0.59"
source = "registry+https://github.com/rust-lang/crates.io-index"
checksum = "f0126ad08bff79f29fc3ae6a55cc72352056dfff61e3ff8bb7129476d44b23aa"
dependencies = [
 "thiserror-impl",
]

[[package]]
name = "thiserror-impl"
version = "1.0.59"
source = "registry+https://github.com/rust-lang/crates.io-index"
checksum = "d1cd413b5d558b4c5bf3680e324a6fa5014e7b7c067a51e69dbdf47eb7148b66"
dependencies = [
 "proc-macro2",
 "quote",
 "syn",
]

[[package]]
name = "unicode-ident"
version = "1.0.12"
source = "registry+https://github.com/rust-lang/crates.io-index"
checksum = "3354b9ac3fae1ff6755cb6db53683adb661634f67557942dea4facebec0fee4b"

[[package]]
name = "unicode-xid"
version = "0.2.4"
source = "registry+https://github.com/rust-lang/crates.io-index"
checksum = "f962df74c8c05a667b5ee8bcf162993134c104e96440b663c8daa176dc772d8c"

[[package]]
name = "version_check"
version = "0.9.4"
source = "registry+https://github.com/rust-lang/crates.io-index"
checksum = "49874b5167b65d7193b8aba1567f5c7d93d001cafc34600cee003eda787e483f"

[[package]]
name = "wasm-encoder"
version = "0.201.0"
source = "registry+https://github.com/rust-lang/crates.io-index"
checksum = "b9c7d2731df60006819b013f64ccc2019691deccf6e11a1804bc850cd6748f1a"
dependencies = [
 "leb128",
]

[[package]]
name = "wasm-encoder"
version = "0.205.0"
source = "registry+https://github.com/rust-lang/crates.io-index"
checksum = "90e95b3563d164f33c1cfb0a7efbd5940c37710019be10cd09f800fdec8b0e5c"
dependencies = [
 "leb128",
]

[[package]]
name = "wasm-metadata"
version = "0.205.0"
source = "registry+https://github.com/rust-lang/crates.io-index"
checksum = "e9855ad6dd4d099fa8505f01fb0b84c7e3efd5f555207329e3ad938d5f394fe7"
dependencies = [
 "anyhow",
 "indexmap",
 "serde",
 "serde_derive",
 "serde_json",
 "spdx",
 "wasm-encoder 0.205.0",
 "wasmparser 0.205.0",
]

[[package]]
name = "wasm_component_layer"
version = "0.1.16"
dependencies = [
 "anyhow",
 "bytemuck",
 "fxhash",
 "id-arena",
 "ref-cast",
 "semver",
 "serde",
 "slab",
 "wasm_runtime_layer 0.2.1",
 "wasm_runtime_layer 0.3.0",
 "wasmi",
 "wasmtime-environ",
 "wit-component",
 "wit-parser",
]

[[package]]
name = "wasm_runtime_layer"
version = "0.2.1"
source = "registry+https://github.com/rust-lang/crates.io-index"
checksum = "658bff5fcf02a362125a6b929cfb4e4290c73e33927acc424cb91dfda27e767f"
dependencies = [
 "anyhow",
 "fxhash",
 "ref-cast",
 "smallvec",
 "wasmi",
]

[[package]]
name = "wasm_runtime_layer"
version = "0.3.0"
source = "registry+https://github.com/rust-lang/crates.io-index"
checksum = "a8780c443079ea2ac14ed85f168f95e0854758d780909f242d5db4e6bd41c83b"
dependencies = [
 "anyhow",
 "fxhash",
 "ref-cast",
 "smallvec",
]

[[package]]
name = "wasmi"
version = "0.31.2"
source = "registry+https://github.com/rust-lang/crates.io-index"
checksum = "77a8281d1d660cdf54c76a3efa9ddd0c270cada1383a995db3ccb43d166456c7"
dependencies = [
 "smallvec",
 "spin",
 "wasmi_arena",
 "wasmi_core",
 "wasmparser-nostd",
]

[[package]]
name = "wasmi_arena"
version = "0.4.1"
source = "registry+https://github.com/rust-lang/crates.io-index"
checksum = "104a7f73be44570cac297b3035d76b169d6599637631cf37a1703326a0727073"

[[package]]
name = "wasmi_core"
version = "0.13.0"
source = "registry+https://github.com/rust-lang/crates.io-index"
checksum = "dcf1a7db34bff95b85c261002720c00c3a6168256dcb93041d3fa2054d19856a"
dependencies = [
 "downcast-rs",
 "libm",
 "num-traits",
 "paste",
]

[[package]]
name = "wasmparser"
version = "0.201.0"
source = "registry+https://github.com/rust-lang/crates.io-index"
checksum = "84e5df6dba6c0d7fafc63a450f1738451ed7a0b52295d83e868218fa286bf708"
dependencies = [
 "bitflags",
 "indexmap",
 "semver",
]

[[package]]
name = "wasmparser"
version = "0.205.0"
source = "registry+https://github.com/rust-lang/crates.io-index"
checksum = "1d457bb52804242e09d55a306e53ddbc65d1d29ed83db6a4eea3ed412ee0cfdf"
dependencies = [
 "bitflags",
 "indexmap",
 "semver",
]

[[package]]
name = "wasmparser-nostd"
version = "0.100.1"
source = "registry+https://github.com/rust-lang/crates.io-index"
checksum = "9157cab83003221bfd385833ab587a039f5d6fa7304854042ba358a3b09e0724"
dependencies = [
 "indexmap-nostd",
]

[[package]]
name = "wasmprinter"
version = "0.201.0"
source = "registry+https://github.com/rust-lang/crates.io-index"
checksum = "a67e66da702706ba08729a78e3c0079085f6bfcb1a62e4799e97bbf728c2c265"
dependencies = [
 "anyhow",
 "wasmparser 0.201.0",
]

[[package]]
name = "wasmtime-component-util"
version = "19.0.2"
source = "registry+https://github.com/rust-lang/crates.io-index"
checksum = "0dd17dc1ebc0b28fd24b6b9d07638f55b82ae908918ff08fd221f8b0fefa9125"

[[package]]
name = "wasmtime-environ"
version = "19.0.2"
source = "registry+https://github.com/rust-lang/crates.io-index"
checksum = "d7e3f2aa72dbb64c19708646e1ff97650f34e254598b82bad5578ea9c80edd30"
dependencies = [
 "anyhow",
 "bincode",
 "cranelift-entity",
 "gimli",
 "indexmap",
 "log",
 "object",
 "serde",
 "serde_derive",
 "target-lexicon",
 "thiserror",
 "wasm-encoder 0.201.0",
 "wasmparser 0.201.0",
 "wasmprinter",
 "wasmtime-component-util",
 "wasmtime-types",
]

[[package]]
name = "wasmtime-types"
version = "19.0.2"
source = "registry+https://github.com/rust-lang/crates.io-index"
checksum = "cebe297aa063136d9d2e5b347c1528868aa43c2c8d0e1eb0eec144567e38fe0f"
dependencies = [
 "cranelift-entity",
 "serde",
 "serde_derive",
 "thiserror",
 "wasmparser 0.201.0",
]

[[package]]
name = "wit-component"
version = "0.205.0"
source = "registry+https://github.com/rust-lang/crates.io-index"
checksum = "74841e17b2c2bfbd8ca8c45190ef85dff1c5e8659f0e2d164802ffc87dfb18c3"
dependencies = [
 "anyhow",
 "bitflags",
 "indexmap",
 "log",
 "serde",
 "serde_derive",
 "serde_json",
 "wasm-encoder 0.205.0",
 "wasm-metadata",
 "wasmparser 0.205.0",
 "wit-parser",
]

[[package]]
name = "wit-parser"
version = "0.205.0"
source = "registry+https://github.com/rust-lang/crates.io-index"
checksum = "a3db34c7688c161ed7bd1b2f8055dca9fb2c15201db58754e9c48a0805f32e5f"
dependencies = [
 "anyhow",
 "id-arena",
 "indexmap",
 "log",
 "semver",
 "serde",
 "serde_derive",
 "serde_json",
 "unicode-xid",
 "wasmparser 0.205.0",
]

[[package]]
name = "zerocopy"
version = "0.7.32"
source = "registry+https://github.com/rust-lang/crates.io-index"
checksum = "74d4d3961e53fa4c9a25a8637fc2bfaf2595b3d3ae34875568a5cf64787716be"
dependencies = [
 "zerocopy-derive",
]

[[package]]
name = "zerocopy-derive"
version = "0.7.32"
source = "registry+https://github.com/rust-lang/crates.io-index"
checksum = "9ce1b18ccd8e73a9321186f97e46f9f04b778851177567b1975109d26a08d2a6"
dependencies = [
 "proc-macro2",
 "quote",
 "syn",
]
